{
  "name": "Mac-Classic Dashboard",
  "lockfileVersion": 2,
  "requires": true,
  "packages": {
    "": {
      "dependencies": {
        "jquery": "^3.6.0",
        "lunarphase-js": "^1.0.10"
      }
    },
    "node_modules/jquery": {
      "version": "3.6.0",
      "resolved": "https://registry.npmjs.org/jquery/-/jquery-3.6.0.tgz",
      "integrity": "sha512-JVzAR/AjBvVt2BmYhxRCSYysDsPcssdmTFnzyLEts9qNwmjmu4JTAMYubEfwVOSwpQ1I1sKKFcxhZCI2buerfw=="
    },
    "node_modules/lunarphase-js": {
      "version": "1.0.10",
      "resolved": "https://registry.npmjs.org/lunarphase-js/-/lunarphase-js-1.0.10.tgz",
      "integrity": "sha512-+A+G3WzB2y+xcCfhVRLxbdOnTe/Ujmbx/ptS0cjUnb9zRAEfRpu6U3D1o+IaStpRu91++kFoVqOYKhyT1m3ywg=="
    }
  },
  "dependencies": {
    "jquery": {
      "version": "3.6.0",
      "resolved": "https://registry.npmjs.org/jquery/-/jquery-3.6.0.tgz",
      "integrity": "sha512-JVzAR/AjBvVt2BmYhxRCSYysDsPcssdmTFnzyLEts9qNwmjmu4JTAMYubEfwVOSwpQ1I1sKKFcxhZCI2buerfw=="
    },
    "lunarphase-js": {
      "version": "1.0.10",
      "resolved": "https://registry.npmjs.org/lunarphase-js/-/lunarphase-js-1.0.10.tgz",
      "integrity": "sha512-+A+G3WzB2y+xcCfhVRLxbdOnTe/Ujmbx/ptS0cjUnb9zRAEfRpu6U3D1o+IaStpRu91++kFoVqOYKhyT1m3ywg=="
    }
  }
}
